
Microsoft Visual Studio Solution File, Format Version 12.00
# Visual Studio Version 16
VisualStudioVersion = 16.0.30517.126
MinimumVisualStudioVersion = 10.0.40219.1
Project("{9A19103F-16F7-4668-BE54-9A1E7A4F7556}") = "SchedulerAPI", "SchedulerAPI\SchedulerAPI.csproj", "{36074845-F9E4-4080-A0A7-CED610FB1201}"
EndProject
Project("{E53339B2-1760-4266-BCC7-CA923CBCF16C}") = "docker-compose", "docker-compose.dcproj", "{DB3F4E14-4AA7-40C3-8979-C7A4D424E4C5}"
EndProject
Global
	GlobalSection(SolutionConfigurationPlatforms) = preSolution
		Debug|Any CPU = Debug|Any CPU
		Release|Any CPU = Release|Any CPU
	EndGlobalSection
	GlobalSection(ProjectConfigurationPlatforms) = postSolution
		{36074845-F9E4-4080-A0A7-CED610FB1201}.Debug|Any CPU.ActiveCfg = Debug|Any CPU
		{36074845-F9E4-4080-A0A7-CED610FB1201}.Debug|Any CPU.Build.0 = Debug|Any CPU
		{36074845-F9E4-4080-A0A7-CED610FB1201}.Release|Any CPU.ActiveCfg = Release|Any CPU
		{36074845-F9E4-4080-A0A7-CED610FB1201}.Release|Any CPU.Build.0 = Release|Any CPU
		{DB3F4E14-4AA7-40C3-8979-C7A4D424E4C5}.Debug|Any CPU.ActiveCfg = Debug|Any CPU
		{DB3F4E14-4AA7-40C3-8979-C7A4D424E4C5}.Debug|Any CPU.Build.0 = Debug|Any CPU
		{DB3F4E14-4AA7-40C3-8979-C7A4D424E4C5}.Release|Any CPU.ActiveCfg = Release|Any CPU
		{DB3F4E14-4AA7-40C3-8979-C7A4D424E4C5}.Release|Any CPU.Build.0 = Release|Any CPU
	EndGlobalSection
	GlobalSection(SolutionProperties) = preSolution
		HideSolutionNode = FALSE
	EndGlobalSection
	GlobalSection(ExtensibilityGlobals) = postSolution
		SolutionGuid = {B0AFED57-1C4E-406A-A336-D5FB326E9DBF}
	EndGlobalSection
EndGlobal
